
Microsoft Visual Studio Solution File, Format Version 12.00
# Visual Studio 15
VisualStudioVersion = 15.0.26430.6
MinimumVisualStudioVersion = 10.0.40219.1
Project("{FAE04EC0-301F-11D3-BF4B-00C04F79EFBC}") = "VideoStore.Tests", "VideoStore.Tests\VideoStore.Tests.csproj", "{AFD4DB59-B31E-4EF5-BFBB-2F7464F941A5}"
EndProject
Project("{FAE04EC0-301F-11D3-BF4B-00C04F79EFBC}") = "VideoStore.Gui", "VideoStore.Gui\VideoStore.Gui.csproj", "{4B185D39-29EB-4C17-9A7D-5DAB83C01377}"
EndProject
Project("{FAE04EC0-301F-11D3-BF4B-00C04F79EFBC}") = "VideoStoreBusinessLogic", "VideoStoreBusinessLogic\VideoStoreBusinessLogic.csproj", "{2C5DF104-3F81-4E1C-842D-190C85036390}"
EndProject
Global
	GlobalSection(SolutionConfigurationPlatforms) = preSolution
		Debug|Any CPU = Debug|Any CPU
		Release|Any CPU = Release|Any CPU
	EndGlobalSection
	GlobalSection(ProjectConfigurationPlatforms) = postSolution
		{AFD4DB59-B31E-4EF5-BFBB-2F7464F941A5}.Debug|Any CPU.ActiveCfg = Debug|Any CPU
		{AFD4DB59-B31E-4EF5-BFBB-2F7464F941A5}.Debug|Any CPU.Build.0 = Debug|Any CPU
		{AFD4DB59-B31E-4EF5-BFBB-2F7464F941A5}.Release|Any CPU.ActiveCfg = Release|Any CPU
		{AFD4DB59-B31E-4EF5-BFBB-2F7464F941A5}.Release|Any CPU.Build.0 = Release|Any CPU
		{4B185D39-29EB-4C17-9A7D-5DAB83C01377}.Debug|Any CPU.ActiveCfg = Debug|Any CPU
		{4B185D39-29EB-4C17-9A7D-5DAB83C01377}.Debug|Any CPU.Build.0 = Debug|Any CPU
		{4B185D39-29EB-4C17-9A7D-5DAB83C01377}.Release|Any CPU.ActiveCfg = Release|Any CPU
		{4B185D39-29EB-4C17-9A7D-5DAB83C01377}.Release|Any CPU.Build.0 = Release|Any CPU
		{2C5DF104-3F81-4E1C-842D-190C85036390}.Debug|Any CPU.ActiveCfg = Debug|Any CPU
		{2C5DF104-3F81-4E1C-842D-190C85036390}.Debug|Any CPU.Build.0 = Debug|Any CPU
		{2C5DF104-3F81-4E1C-842D-190C85036390}.Release|Any CPU.ActiveCfg = Release|Any CPU
		{2C5DF104-3F81-4E1C-842D-190C85036390}.Release|Any CPU.Build.0 = Release|Any CPU
	EndGlobalSection
	GlobalSection(SolutionProperties) = preSolution
		HideSolutionNode = FALSE
	EndGlobalSection
EndGlobal
